
Microsoft Visual Studio Solution File, Format Version 12.00
# Visual Studio Version 17
VisualStudioVersion = 17.5.33627.172
MinimumVisualStudioVersion = 10.0.40219.1
Project("{FAE04EC0-301F-11D3-BF4B-00C04F79EFBC}") = "AplicacionDemo3-5022358.Android", "AplicacionDemo3-5022358\AplicacionDemo3-5022358.Android\AplicacionDemo3-5022358.Android.csproj", "{20653D56-9FCF-4362-BD0D-588FBC18EDE6}"
EndProject
Project("{FAE04EC0-301F-11D3-BF4B-00C04F79EFBC}") = "AplicacionDemo3-5022358.iOS", "AplicacionDemo3-5022358\AplicacionDemo3-5022358.iOS\AplicacionDemo3-5022358.iOS.csproj", "{78841324-0924-4844-8F1C-C541A8A96F74}"
EndProject
Project("{FAE04EC0-301F-11D3-BF4B-00C04F79EFBC}") = "AplicacionDemo3-5022358", "AplicacionDemo3-5022358\AplicacionDemo3-5022358\AplicacionDemo3-5022358.csproj", "{71B7558E-11C6-4D7B-9E25-348EEA5045E9}"
EndProject
Global
	GlobalSection(SolutionConfigurationPlatforms) = preSolution
		Debug|Any CPU = Debug|Any CPU
		Debug|iPhone = Debug|iPhone
		Debug|iPhoneSimulator = Debug|iPhoneSimulator
		Release|Any CPU = Release|Any CPU
		Release|iPhone = Release|iPhone
		Release|iPhoneSimulator = Release|iPhoneSimulator
	EndGlobalSection
	GlobalSection(ProjectConfigurationPlatforms) = postSolution
		{20653D56-9FCF-4362-BD0D-588FBC18EDE6}.Debug|Any CPU.ActiveCfg = Debug|Any CPU
		{20653D56-9FCF-4362-BD0D-588FBC18EDE6}.Debug|Any CPU.Build.0 = Debug|Any CPU
		{20653D56-9FCF-4362-BD0D-588FBC18EDE6}.Debug|Any CPU.Deploy.0 = Debug|Any CPU
		{20653D56-9FCF-4362-BD0D-588FBC18EDE6}.Debug|iPhone.ActiveCfg = Debug|Any CPU
		{20653D56-9FCF-4362-BD0D-588FBC18EDE6}.Debug|iPhone.Build.0 = Debug|Any CPU
		{20653D56-9FCF-4362-BD0D-588FBC18EDE6}.Debug|iPhone.Deploy.0 = Debug|Any CPU
		{20653D56-9FCF-4362-BD0D-588FBC18EDE6}.Debug|iPhoneSimulator.ActiveCfg = Debug|Any CPU
		{20653D56-9FCF-4362-BD0D-588FBC18EDE6}.Debug|iPhoneSimulator.Build.0 = Debug|Any CPU
		{20653D56-9FCF-4362-BD0D-588FBC18EDE6}.Debug|iPhoneSimulator.Deploy.0 = Debug|Any CPU
		{20653D56-9FCF-4362-BD0D-588FBC18EDE6}.Release|Any CPU.ActiveCfg = Release|Any CPU
		{20653D56-9FCF-4362-BD0D-588FBC18EDE6}.Release|Any CPU.Build.0 = Release|Any CPU
		{20653D56-9FCF-4362-BD0D-588FBC18EDE6}.Release|Any CPU.Deploy.0 = Release|Any CPU
		{20653D56-9FCF-4362-BD0D-588FBC18EDE6}.Release|iPhone.ActiveCfg = Release|Any CPU
		{20653D56-9FCF-4362-BD0D-588FBC18EDE6}.Release|iPhone.Build.0 = Release|Any CPU
		{20653D56-9FCF-4362-BD0D-588FBC18EDE6}.Release|iPhone.Deploy.0 = Release|Any CPU
		{20653D56-9FCF-4362-BD0D-588FBC18EDE6}.Release|iPhoneSimulator.ActiveCfg = Release|Any CPU
		{20653D56-9FCF-4362-BD0D-588FBC18EDE6}.Release|iPhoneSimulator.Build.0 = Release|Any CPU
		{20653D56-9FCF-4362-BD0D-588FBC18EDE6}.Release|iPhoneSimulator.Deploy.0 = Release|Any CPU
		{78841324-0924-4844-8F1C-C541A8A96F74}.Debug|Any CPU.ActiveCfg = Debug|iPhone
		{78841324-0924-4844-8F1C-C541A8A96F74}.Debug|Any CPU.Build.0 = Debug|iPhone
		{78841324-0924-4844-8F1C-C541A8A96F74}.Debug|Any CPU.Deploy.0 = Debug|iPhone
		{78841324-0924-4844-8F1C-C541A8A96F74}.Debug|iPhone.ActiveCfg = Debug|iPhone
		{78841324-0924-4844-8F1C-C541A8A96F74}.Debug|iPhone.Build.0 = Debug|iPhone
		{78841324-0924-4844-8F1C-C541A8A96F74}.Debug|iPhone.Deploy.0 = Debug|iPhone
		{78841324-0924-4844-8F1C-C541A8A96F74}.Debug|iPhoneSimulator.ActiveCfg = Debug|iPhoneSimulator
		{78841324-0924-4844-8F1C-C541A8A96F74}.Debug|iPhoneSimulator.Build.0 = Debug|iPhoneSimulator
		{78841324-0924-4844-8F1C-C541A8A96F74}.Debug|iPhoneSimulator.Deploy.0 = Debug|iPhoneSimulator
		{78841324-0924-4844-8F1C-C541A8A96F74}.Release|Any CPU.ActiveCfg = Release|iPhoneSimulator
		{78841324-0924-4844-8F1C-C541A8A96F74}.Release|Any CPU.Build.0 = Release|iPhoneSimulator
		{78841324-0924-4844-8F1C-C541A8A96F74}.Release|Any CPU.Deploy.0 = Release|iPhoneSimulator
		{78841324-0924-4844-8F1C-C541A8A96F74}.Release|iPhone.ActiveCfg = Release|iPhone
		{78841324-0924-4844-8F1C-C541A8A96F74}.Release|iPhone.Build.0 = Release|iPhone
		{78841324-0924-4844-8F1C-C541A8A96F74}.Release|iPhone.Deploy.0 = Release|iPhone
		{78841324-0924-4844-8F1C-C541A8A96F74}.Release|iPhoneSimulator.ActiveCfg = Release|iPhoneSimulator
		{78841324-0924-4844-8F1C-C541A8A96F74}.Release|iPhoneSimulator.Build.0 = Release|iPhoneSimulator
		{78841324-0924-4844-8F1C-C541A8A96F74}.Release|iPhoneSimulator.Deploy.0 = Release|iPhoneSimulator
		{71B7558E-11C6-4D7B-9E25-348EEA5045E9}.Debug|Any CPU.ActiveCfg = Debug|Any CPU
		{71B7558E-11C6-4D7B-9E25-348EEA5045E9}.Debug|Any CPU.Build.0 = Debug|Any CPU
		{71B7558E-11C6-4D7B-9E25-348EEA5045E9}.Debug|Any CPU.Deploy.0 = Debug|Any CPU
		{71B7558E-11C6-4D7B-9E25-348EEA5045E9}.Debug|iPhone.ActiveCfg = Debug|Any CPU
		{71B7558E-11C6-4D7B-9E25-348EEA5045E9}.Debug|iPhone.Build.0 = Debug|Any CPU
		{71B7558E-11C6-4D7B-9E25-348EEA5045E9}.Debug|iPhone.Deploy.0 = Debug|Any CPU
		{71B7558E-11C6-4D7B-9E25-348EEA5045E9}.Debug|iPhoneSimulator.ActiveCfg = Debug|Any CPU
		{71B7558E-11C6-4D7B-9E25-348EEA5045E9}.Debug|iPhoneSimulator.Build.0 = Debug|Any CPU
		{71B7558E-11C6-4D7B-9E25-348EEA5045E9}.Debug|iPhoneSimulator.Deploy.0 = Debug|Any CPU
		{71B7558E-11C6-4D7B-9E25-348EEA5045E9}.Release|Any CPU.ActiveCfg = Release|Any CPU
		{71B7558E-11C6-4D7B-9E25-348EEA5045E9}.Release|Any CPU.Build.0 = Release|Any CPU
		{71B7558E-11C6-4D7B-9E25-348EEA5045E9}.Release|Any CPU.Deploy.0 = Release|Any CPU
		{71B7558E-11C6-4D7B-9E25-348EEA5045E9}.Release|iPhone.ActiveCfg = Release|Any CPU
		{71B7558E-11C6-4D7B-9E25-348EEA5045E9}.Release|iPhone.Build.0 = Release|Any CPU
		{71B7558E-11C6-4D7B-9E25-348EEA5045E9}.Release|iPhone.Deploy.0 = Release|Any CPU
		{71B7558E-11C6-4D7B-9E25-348EEA5045E9}.Release|iPhoneSimulator.ActiveCfg = Release|Any CPU
		{71B7558E-11C6-4D7B-9E25-348EEA5045E9}.Release|iPhoneSimulator.Build.0 = Release|Any CPU
		{71B7558E-11C6-4D7B-9E25-348EEA5045E9}.Release|iPhoneSimulator.Deploy.0 = Release|Any CPU
	EndGlobalSection
	GlobalSection(SolutionProperties) = preSolution
		HideSolutionNode = FALSE
	EndGlobalSection
	GlobalSection(ExtensibilityGlobals) = postSolution
		SolutionGuid = {E1725B6E-49D1-4178-B726-A784C1F00A1A}
	EndGlobalSection
EndGlobal
